
Microsoft Visual Studio Solution File, Format Version 12.00
# Visual Studio Version 16
VisualStudioVersion = 16.0.30011.22
MinimumVisualStudioVersion = 10.0.40219.1
Project("{9A19103F-16F7-4668-BE54-9A1E7A4F7556}") = "SentimentAnalysis.Aws.Api", "SentimentAnalysis.Aws.Api\SentimentAnalysis.Aws.Api.csproj", "{6A487FD9-8490-4321-B6D9-D3B67C2F630A}"
EndProject
Project("{FAE04EC0-301F-11D3-BF4B-00C04F79EFBC}") = "SentimentAnalysis.Gcp.Api", "SentimentAnalysis.Gcp.Api\SentimentAnalysis.Gcp.Api.csproj", "{E9A3AAD9-F863-4C71-87F0-199D7734734D}"
EndProject
Global
	GlobalSection(SolutionConfigurationPlatforms) = preSolution
		Debug|Any CPU = Debug|Any CPU
		Release|Any CPU = Release|Any CPU
	EndGlobalSection
	GlobalSection(ProjectConfigurationPlatforms) = postSolution
		{6A487FD9-8490-4321-B6D9-D3B67C2F630A}.Debug|Any CPU.ActiveCfg = Debug|Any CPU
		{6A487FD9-8490-4321-B6D9-D3B67C2F630A}.Debug|Any CPU.Build.0 = Debug|Any CPU
		{6A487FD9-8490-4321-B6D9-D3B67C2F630A}.Release|Any CPU.ActiveCfg = Release|Any CPU
		{6A487FD9-8490-4321-B6D9-D3B67C2F630A}.Release|Any CPU.Build.0 = Release|Any CPU
		{E9A3AAD9-F863-4C71-87F0-199D7734734D}.Debug|Any CPU.ActiveCfg = Debug|Any CPU
		{E9A3AAD9-F863-4C71-87F0-199D7734734D}.Debug|Any CPU.Build.0 = Debug|Any CPU
		{E9A3AAD9-F863-4C71-87F0-199D7734734D}.Release|Any CPU.ActiveCfg = Release|Any CPU
		{E9A3AAD9-F863-4C71-87F0-199D7734734D}.Release|Any CPU.Build.0 = Release|Any CPU
	EndGlobalSection
	GlobalSection(SolutionProperties) = preSolution
		HideSolutionNode = FALSE
	EndGlobalSection
	GlobalSection(ExtensibilityGlobals) = postSolution
		SolutionGuid = {4887750B-05AB-4382-8F03-35BCFA828449}
	EndGlobalSection
EndGlobal
